<?xml version="1.0" encoding="UTF-8"?>
<CodeBlocks_project_file>
	<FileVersion major="1" minor="6"/>
	<Project>
		<Option title="openpnp-capture"/>
		<Option makefile_is_custom="1"/>
		<Option compiler="gcc"/>
		<Option virtualFolders="CMake Files\;CMake Files\GUI\;CMake Files\GUI\nanovg\;CMake Files\GUI\osdialog\;CMake Files\..\;CMake Files\..\..\;CMake Files\..\..\..\;CMake Files\..\..\..\..\;CMake Files\..\..\..\..\..\;CMake Files\..\..\..\..\..\msys64\;CMake Files\..\..\..\..\..\msys64\mingw64\;CMake Files\..\..\..\..\..\msys64\mingw64\lib\;CMake Files\..\..\..\..\..\msys64\mingw64\lib\cmake\;CMake Files\..\..\..\..\..\msys64\mingw64\lib\cmake\SDL2\;CMake Files\openpnp-capture\;CMake Files\openpnp-capture\cmake\;CMake Files\.git\;CMake Files\.git\refs\;CMake Files\.git\refs\heads\;"/>
		<Build>
			<Target title="all">
				<Option working_dir="C:/Users/Twister/Projects/cpp/cgproject/RelWithDebInfo/openpnp-capture"/>
				<Option type="4"/>
				<MakeCommands>
					<Build command="C:/msys64/mingw64/bin/mingw32-make.exe -f &quot;C:/Users/Twister/Projects/cpp/cgproject/RelWithDebInfo/openpnp-capture/Makefile&quot;  VERBOSE=1 all"/>
					<CompileFile command="C:/msys64/mingw64/bin/mingw32-make.exe -f &quot;C:/Users/Twister/Projects/cpp/cgproject/RelWithDebInfo/openpnp-capture/Makefile&quot;  VERBOSE=1 &quot;$file&quot;"/>
					<Clean command="C:/msys64/mingw64/bin/mingw32-make.exe -f &quot;C:/Users/Twister/Projects/cpp/cgproject/RelWithDebInfo/openpnp-capture/Makefile&quot;  VERBOSE=1 clean"/>
					<DistClean command="C:/msys64/mingw64/bin/mingw32-make.exe -f &quot;C:/Users/Twister/Projects/cpp/cgproject/RelWithDebInfo/openpnp-capture/Makefile&quot;  VERBOSE=1 clean"/>
				</MakeCommands>
			</Target>
			<Target title="openpnp-capture">
				<Option output="C:/Users/Twister/Projects/cpp/cgproject/RelWithDebInfo/openpnp-capture/libopenpnp-capture.a" prefix_auto="0" extension_auto="0"/>
				<Option working_dir="C:/Users/Twister/Projects/cpp/cgproject/RelWithDebInfo/openpnp-capture"/>
				<Option object_output="./"/>
				<Option type="2"/>
				<Option compiler="gcc"/>
				<Compiler>
					<Add option="-D__BUILDTYPE__=&quot;debug&quot;"/>
					<Add option="-D__PLATFORM__=&quot;Win 64 bit&quot;"/>
					<Add option="-D_CRT_SECURE_NO_WARNINGS"/>
					<Add directory="C:/Users/Twister/Projects/cpp/cgproject/openpnp-capture/include"/>
					<Add directory="C:/msys64/mingw64/bin/../lib/gcc/x86_64-w64-mingw32/8.3.0/../../../../include/c++/8.3.0"/>
					<Add directory="C:/msys64/mingw64/bin/../lib/gcc/x86_64-w64-mingw32/8.3.0/../../../../include/c++/8.3.0/x86_64-w64-mingw32"/>
					<Add directory="C:/msys64/mingw64/bin/../lib/gcc/x86_64-w64-mingw32/8.3.0/../../../../include/c++/8.3.0/backward"/>
					<Add directory="C:/msys64/mingw64/bin/../lib/gcc/x86_64-w64-mingw32/8.3.0/include"/>
					<Add directory="C:/msys64/mingw64/bin/../lib/gcc/x86_64-w64-mingw32/8.3.0/../../../../include"/>
					<Add directory="C:/msys64/mingw64/bin/../lib/gcc/x86_64-w64-mingw32/8.3.0/include-fixed"/>
					<Add directory="C:/msys64/mingw64/bin/../lib/gcc/x86_64-w64-mingw32/8.3.0/../../../../x86_64-w64-mingw32/include"/>
				</Compiler>
				<MakeCommands>
					<Build command="C:/msys64/mingw64/bin/mingw32-make.exe -f &quot;C:/Users/Twister/Projects/cpp/cgproject/RelWithDebInfo/openpnp-capture/Makefile&quot;  VERBOSE=1 openpnp-capture"/>
					<CompileFile command="C:/msys64/mingw64/bin/mingw32-make.exe -f &quot;C:/Users/Twister/Projects/cpp/cgproject/RelWithDebInfo/openpnp-capture/Makefile&quot;  VERBOSE=1 &quot;$file&quot;"/>
					<Clean command="C:/msys64/mingw64/bin/mingw32-make.exe -f &quot;C:/Users/Twister/Projects/cpp/cgproject/RelWithDebInfo/openpnp-capture/Makefile&quot;  VERBOSE=1 clean"/>
					<DistClean command="C:/msys64/mingw64/bin/mingw32-make.exe -f &quot;C:/Users/Twister/Projects/cpp/cgproject/RelWithDebInfo/openpnp-capture/Makefile&quot;  VERBOSE=1 clean"/>
				</MakeCommands>
			</Target>
			<Target title="openpnp-capture/fast">
				<Option output="C:/Users/Twister/Projects/cpp/cgproject/RelWithDebInfo/openpnp-capture/libopenpnp-capture.a" prefix_auto="0" extension_auto="0"/>
				<Option working_dir="C:/Users/Twister/Projects/cpp/cgproject/RelWithDebInfo/openpnp-capture"/>
				<Option object_output="./"/>
				<Option type="2"/>
				<Option compiler="gcc"/>
				<Compiler>
					<Add option="-D__BUILDTYPE__=&quot;debug&quot;"/>
					<Add option="-D__PLATFORM__=&quot;Win 64 bit&quot;"/>
					<Add option="-D_CRT_SECURE_NO_WARNINGS"/>
					<Add directory="C:/Users/Twister/Projects/cpp/cgproject/openpnp-capture/include"/>
					<Add directory="C:/msys64/mingw64/bin/../lib/gcc/x86_64-w64-mingw32/8.3.0/../../../../include/c++/8.3.0"/>
					<Add directory="C:/msys64/mingw64/bin/../lib/gcc/x86_64-w64-mingw32/8.3.0/../../../../include/c++/8.3.0/x86_64-w64-mingw32"/>
					<Add directory="C:/msys64/mingw64/bin/../lib/gcc/x86_64-w64-mingw32/8.3.0/../../../../include/c++/8.3.0/backward"/>
					<Add directory="C:/msys64/mingw64/bin/../lib/gcc/x86_64-w64-mingw32/8.3.0/include"/>
					<Add directory="C:/msys64/mingw64/bin/../lib/gcc/x86_64-w64-mingw32/8.3.0/../../../../include"/>
					<Add directory="C:/msys64/mingw64/bin/../lib/gcc/x86_64-w64-mingw32/8.3.0/include-fixed"/>
					<Add directory="C:/msys64/mingw64/bin/../lib/gcc/x86_64-w64-mingw32/8.3.0/../../../../x86_64-w64-mingw32/include"/>
				</Compiler>
				<MakeCommands>
					<Build command="C:/msys64/mingw64/bin/mingw32-make.exe -f &quot;C:/Users/Twister/Projects/cpp/cgproject/RelWithDebInfo/openpnp-capture/Makefile&quot;  VERBOSE=1 openpnp-capture/fast"/>
					<CompileFile command="C:/msys64/mingw64/bin/mingw32-make.exe -f &quot;C:/Users/Twister/Projects/cpp/cgproject/RelWithDebInfo/openpnp-capture/Makefile&quot;  VERBOSE=1 &quot;$file&quot;"/>
					<Clean command="C:/msys64/mingw64/bin/mingw32-make.exe -f &quot;C:/Users/Twister/Projects/cpp/cgproject/RelWithDebInfo/openpnp-capture/Makefile&quot;  VERBOSE=1 clean"/>
					<DistClean command="C:/msys64/mingw64/bin/mingw32-make.exe -f &quot;C:/Users/Twister/Projects/cpp/cgproject/RelWithDebInfo/openpnp-capture/Makefile&quot;  VERBOSE=1 clean"/>
				</MakeCommands>
			</Target>
		</Build>
		<Unit filename="C:/Users/Twister/Projects/cpp/cgproject/openpnp-capture/common/context.cpp">
			<Option target="openpnp-capture"/>
		</Unit>
		<Unit filename="C:/Users/Twister/Projects/cpp/cgproject/openpnp-capture/common/context.h">
			<Option target="openpnp-capture"/>
		</Unit>
		<Unit filename="C:/Users/Twister/Projects/cpp/cgproject/openpnp-capture/common/libmain.cpp">
			<Option target="openpnp-capture"/>
		</Unit>
		<Unit filename="C:/Users/Twister/Projects/cpp/cgproject/openpnp-capture/common/logging.cpp">
			<Option target="openpnp-capture"/>
		</Unit>
		<Unit filename="C:/Users/Twister/Projects/cpp/cgproject/openpnp-capture/common/logging.h">
			<Option target="openpnp-capture"/>
		</Unit>
		<Unit filename="C:/Users/Twister/Projects/cpp/cgproject/openpnp-capture/common/stream.cpp">
			<Option target="openpnp-capture"/>
		</Unit>
		<Unit filename="C:/Users/Twister/Projects/cpp/cgproject/openpnp-capture/common/stream.h">
			<Option target="openpnp-capture"/>
		</Unit>
		<Unit filename="C:/Users/Twister/Projects/cpp/cgproject/openpnp-capture/win/platformcontext.cpp">
			<Option target="openpnp-capture"/>
		</Unit>
		<Unit filename="C:/Users/Twister/Projects/cpp/cgproject/openpnp-capture/win/platformcontext.h">
			<Option target="openpnp-capture"/>
		</Unit>
		<Unit filename="C:/Users/Twister/Projects/cpp/cgproject/openpnp-capture/win/platformstream.cpp">
			<Option target="openpnp-capture"/>
		</Unit>
		<Unit filename="C:/Users/Twister/Projects/cpp/cgproject/openpnp-capture/win/platformstream.h">
			<Option target="openpnp-capture"/>
		</Unit>
		<Unit filename="C:/Users/Twister/Projects/cpp/cgproject/CMakeLists.txt">
			<Option virtualFolder="CMake Files\"/>
		</Unit>
		<Unit filename="C:/Users/Twister/Projects/cpp/cgproject/GUI/CMakeLists.txt">
			<Option virtualFolder="CMake Files\GUI\"/>
		</Unit>
		<Unit filename="C:/Users/Twister/Projects/cpp/cgproject/GUI/nanovg/CMakeLists.txt">
			<Option virtualFolder="CMake Files\GUI\nanovg\"/>
		</Unit>
		<Unit filename="C:/Users/Twister/Projects/cpp/cgproject/GUI/osdialog/CMakeLists.txt">
			<Option virtualFolder="CMake Files\GUI\osdialog\"/>
		</Unit>
		<Unit filename="C:/Users/Twister/Projects/cpp/cgproject/../../../../../msys64/mingw64/lib/cmake/SDL2/sdl2-config.cmake">
			<Option virtualFolder="CMake Files\..\..\..\..\..\msys64\mingw64\lib\cmake\SDL2\"/>
		</Unit>
		<Unit filename="C:/Users/Twister/Projects/cpp/cgproject/openpnp-capture/CMakeLists.txt">
			<Option virtualFolder="CMake Files\openpnp-capture\"/>
		</Unit>
		<Unit filename="C:/Users/Twister/Projects/cpp/cgproject/openpnp-capture/cmake/GetGitRevisionDescription.cmake">
			<Option virtualFolder="CMake Files\openpnp-capture\cmake\"/>
		</Unit>
		<Unit filename="C:/Users/Twister/Projects/cpp/cgproject/openpnp-capture/cmake/GetGitRevisionDescription.cmake.in">
			<Option virtualFolder="CMake Files\openpnp-capture\cmake\"/>
		</Unit>
		<Unit filename="C:/Users/Twister/Projects/cpp/cgproject/openpnp-capture/cmake/version.h.in">
			<Option virtualFolder="CMake Files\openpnp-capture\cmake\"/>
		</Unit>
		<Unit filename="C:/Users/Twister/Projects/cpp/cgproject/.git/HEAD">
			<Option virtualFolder="CMake Files\.git\"/>
		</Unit>
		<Unit filename="C:/Users/Twister/Projects/cpp/cgproject/.git/refs/heads/master">
			<Option virtualFolder="CMake Files\.git\refs\heads\"/>
		</Unit>
	</Project>
</CodeBlocks_project_file>
