<?xml version="1.0" encoding="UTF-8"?>
<CodeBlocks_project_file>
	<FileVersion major="1" minor="6"/>
	<Project>
		<Option title="gui"/>
		<Option makefile_is_custom="1"/>
		<Option compiler="gcc"/>
		<Option virtualFolders="CMake Files\;CMake Files\GUI\;CMake Files\GUI\nanovg\;CMake Files\GUI\osdialog\;CMake Files\..\;CMake Files\..\..\;CMake Files\..\..\..\;CMake Files\..\..\..\..\;CMake Files\..\..\..\..\..\;CMake Files\..\..\..\..\..\msys64\;CMake Files\..\..\..\..\..\msys64\mingw64\;CMake Files\..\..\..\..\..\msys64\mingw64\lib\;CMake Files\..\..\..\..\..\msys64\mingw64\lib\cmake\;CMake Files\..\..\..\..\..\msys64\mingw64\lib\cmake\SDL2\;"/>
		<Build>
			<Target title="all">
				<Option working_dir="C:/Users/Twister/Projects/cpp/cgproject/Release/GUI"/>
				<Option type="4"/>
				<MakeCommands>
					<Build command="C:/msys64/mingw64/bin/mingw32-make.exe -f &quot;C:/Users/Twister/Projects/cpp/cgproject/Release/GUI/Makefile&quot;  VERBOSE=1 all"/>
					<CompileFile command="C:/msys64/mingw64/bin/mingw32-make.exe -f &quot;C:/Users/Twister/Projects/cpp/cgproject/Release/GUI/Makefile&quot;  VERBOSE=1 &quot;$file&quot;"/>
					<Clean command="C:/msys64/mingw64/bin/mingw32-make.exe -f &quot;C:/Users/Twister/Projects/cpp/cgproject/Release/GUI/Makefile&quot;  VERBOSE=1 clean"/>
					<DistClean command="C:/msys64/mingw64/bin/mingw32-make.exe -f &quot;C:/Users/Twister/Projects/cpp/cgproject/Release/GUI/Makefile&quot;  VERBOSE=1 clean"/>
				</MakeCommands>
			</Target>
			<Target title="gui">
				<Option output="C:/Users/Twister/Projects/cpp/cgproject/Release/GUI/libgui.a" prefix_auto="0" extension_auto="0"/>
				<Option working_dir="C:/Users/Twister/Projects/cpp/cgproject/Release/GUI"/>
				<Option object_output="./"/>
				<Option type="2"/>
				<Option compiler="gcc"/>
				<Compiler>
					<Add option="-DSDL_MAIN_HANDLED"/>
					<Add directory="C:/Users/Twister/Projects/cpp/cgproject/GUI"/>
					<Add directory="C:/Users/Twister/Projects/cpp/cgproject/GUI/nanovg/src"/>
					<Add directory="C:/msys64/mingw64/bin/../lib/gcc/x86_64-w64-mingw32/8.3.0/../../../../include/c++/8.3.0"/>
					<Add directory="C:/msys64/mingw64/bin/../lib/gcc/x86_64-w64-mingw32/8.3.0/../../../../include/c++/8.3.0/x86_64-w64-mingw32"/>
					<Add directory="C:/msys64/mingw64/bin/../lib/gcc/x86_64-w64-mingw32/8.3.0/../../../../include/c++/8.3.0/backward"/>
					<Add directory="C:/msys64/mingw64/bin/../lib/gcc/x86_64-w64-mingw32/8.3.0/include"/>
					<Add directory="C:/msys64/mingw64/bin/../lib/gcc/x86_64-w64-mingw32/8.3.0/../../../../include"/>
					<Add directory="C:/msys64/mingw64/bin/../lib/gcc/x86_64-w64-mingw32/8.3.0/include-fixed"/>
					<Add directory="C:/msys64/mingw64/bin/../lib/gcc/x86_64-w64-mingw32/8.3.0/../../../../x86_64-w64-mingw32/include"/>
				</Compiler>
				<MakeCommands>
					<Build command="C:/msys64/mingw64/bin/mingw32-make.exe -f &quot;C:/Users/Twister/Projects/cpp/cgproject/Release/GUI/Makefile&quot;  VERBOSE=1 gui"/>
					<CompileFile command="C:/msys64/mingw64/bin/mingw32-make.exe -f &quot;C:/Users/Twister/Projects/cpp/cgproject/Release/GUI/Makefile&quot;  VERBOSE=1 &quot;$file&quot;"/>
					<Clean command="C:/msys64/mingw64/bin/mingw32-make.exe -f &quot;C:/Users/Twister/Projects/cpp/cgproject/Release/GUI/Makefile&quot;  VERBOSE=1 clean"/>
					<DistClean command="C:/msys64/mingw64/bin/mingw32-make.exe -f &quot;C:/Users/Twister/Projects/cpp/cgproject/Release/GUI/Makefile&quot;  VERBOSE=1 clean"/>
				</MakeCommands>
			</Target>
			<Target title="gui/fast">
				<Option output="C:/Users/Twister/Projects/cpp/cgproject/Release/GUI/libgui.a" prefix_auto="0" extension_auto="0"/>
				<Option working_dir="C:/Users/Twister/Projects/cpp/cgproject/Release/GUI"/>
				<Option object_output="./"/>
				<Option type="2"/>
				<Option compiler="gcc"/>
				<Compiler>
					<Add option="-DSDL_MAIN_HANDLED"/>
					<Add directory="C:/Users/Twister/Projects/cpp/cgproject/GUI"/>
					<Add directory="C:/Users/Twister/Projects/cpp/cgproject/GUI/nanovg/src"/>
					<Add directory="C:/msys64/mingw64/bin/../lib/gcc/x86_64-w64-mingw32/8.3.0/../../../../include/c++/8.3.0"/>
					<Add directory="C:/msys64/mingw64/bin/../lib/gcc/x86_64-w64-mingw32/8.3.0/../../../../include/c++/8.3.0/x86_64-w64-mingw32"/>
					<Add directory="C:/msys64/mingw64/bin/../lib/gcc/x86_64-w64-mingw32/8.3.0/../../../../include/c++/8.3.0/backward"/>
					<Add directory="C:/msys64/mingw64/bin/../lib/gcc/x86_64-w64-mingw32/8.3.0/include"/>
					<Add directory="C:/msys64/mingw64/bin/../lib/gcc/x86_64-w64-mingw32/8.3.0/../../../../include"/>
					<Add directory="C:/msys64/mingw64/bin/../lib/gcc/x86_64-w64-mingw32/8.3.0/include-fixed"/>
					<Add directory="C:/msys64/mingw64/bin/../lib/gcc/x86_64-w64-mingw32/8.3.0/../../../../x86_64-w64-mingw32/include"/>
				</Compiler>
				<MakeCommands>
					<Build command="C:/msys64/mingw64/bin/mingw32-make.exe -f &quot;C:/Users/Twister/Projects/cpp/cgproject/Release/GUI/Makefile&quot;  VERBOSE=1 gui/fast"/>
					<CompileFile command="C:/msys64/mingw64/bin/mingw32-make.exe -f &quot;C:/Users/Twister/Projects/cpp/cgproject/Release/GUI/Makefile&quot;  VERBOSE=1 &quot;$file&quot;"/>
					<Clean command="C:/msys64/mingw64/bin/mingw32-make.exe -f &quot;C:/Users/Twister/Projects/cpp/cgproject/Release/GUI/Makefile&quot;  VERBOSE=1 clean"/>
					<DistClean command="C:/msys64/mingw64/bin/mingw32-make.exe -f &quot;C:/Users/Twister/Projects/cpp/cgproject/Release/GUI/Makefile&quot;  VERBOSE=1 clean"/>
				</MakeCommands>
			</Target>
			<Target title="gui_test">
				<Option output="C:/Users/Twister/Projects/cpp/cgproject/Release/GUI/gui_test.exe" prefix_auto="0" extension_auto="0"/>
				<Option working_dir="C:/Users/Twister/Projects/cpp/cgproject/Release/GUI"/>
				<Option object_output="./"/>
				<Option type="1"/>
				<Option compiler="gcc"/>
				<Compiler>
					<Add option="-DSDL_MAIN_HANDLED"/>
					<Add directory="C:/Users/Twister/Projects/cpp/cgproject/GUI"/>
					<Add directory="C:/msys64/mingw64/bin/../lib/gcc/x86_64-w64-mingw32/8.3.0/../../../../include/c++/8.3.0"/>
					<Add directory="C:/msys64/mingw64/bin/../lib/gcc/x86_64-w64-mingw32/8.3.0/../../../../include/c++/8.3.0/x86_64-w64-mingw32"/>
					<Add directory="C:/msys64/mingw64/bin/../lib/gcc/x86_64-w64-mingw32/8.3.0/../../../../include/c++/8.3.0/backward"/>
					<Add directory="C:/msys64/mingw64/bin/../lib/gcc/x86_64-w64-mingw32/8.3.0/include"/>
					<Add directory="C:/msys64/mingw64/bin/../lib/gcc/x86_64-w64-mingw32/8.3.0/../../../../include"/>
					<Add directory="C:/msys64/mingw64/bin/../lib/gcc/x86_64-w64-mingw32/8.3.0/include-fixed"/>
					<Add directory="C:/msys64/mingw64/bin/../lib/gcc/x86_64-w64-mingw32/8.3.0/../../../../x86_64-w64-mingw32/include"/>
				</Compiler>
				<MakeCommands>
					<Build command="C:/msys64/mingw64/bin/mingw32-make.exe -f &quot;C:/Users/Twister/Projects/cpp/cgproject/Release/GUI/Makefile&quot;  VERBOSE=1 gui_test"/>
					<CompileFile command="C:/msys64/mingw64/bin/mingw32-make.exe -f &quot;C:/Users/Twister/Projects/cpp/cgproject/Release/GUI/Makefile&quot;  VERBOSE=1 &quot;$file&quot;"/>
					<Clean command="C:/msys64/mingw64/bin/mingw32-make.exe -f &quot;C:/Users/Twister/Projects/cpp/cgproject/Release/GUI/Makefile&quot;  VERBOSE=1 clean"/>
					<DistClean command="C:/msys64/mingw64/bin/mingw32-make.exe -f &quot;C:/Users/Twister/Projects/cpp/cgproject/Release/GUI/Makefile&quot;  VERBOSE=1 clean"/>
				</MakeCommands>
			</Target>
			<Target title="gui_test/fast">
				<Option output="C:/Users/Twister/Projects/cpp/cgproject/Release/GUI/gui_test.exe" prefix_auto="0" extension_auto="0"/>
				<Option working_dir="C:/Users/Twister/Projects/cpp/cgproject/Release/GUI"/>
				<Option object_output="./"/>
				<Option type="1"/>
				<Option compiler="gcc"/>
				<Compiler>
					<Add option="-DSDL_MAIN_HANDLED"/>
					<Add directory="C:/Users/Twister/Projects/cpp/cgproject/GUI"/>
					<Add directory="C:/msys64/mingw64/bin/../lib/gcc/x86_64-w64-mingw32/8.3.0/../../../../include/c++/8.3.0"/>
					<Add directory="C:/msys64/mingw64/bin/../lib/gcc/x86_64-w64-mingw32/8.3.0/../../../../include/c++/8.3.0/x86_64-w64-mingw32"/>
					<Add directory="C:/msys64/mingw64/bin/../lib/gcc/x86_64-w64-mingw32/8.3.0/../../../../include/c++/8.3.0/backward"/>
					<Add directory="C:/msys64/mingw64/bin/../lib/gcc/x86_64-w64-mingw32/8.3.0/include"/>
					<Add directory="C:/msys64/mingw64/bin/../lib/gcc/x86_64-w64-mingw32/8.3.0/../../../../include"/>
					<Add directory="C:/msys64/mingw64/bin/../lib/gcc/x86_64-w64-mingw32/8.3.0/include-fixed"/>
					<Add directory="C:/msys64/mingw64/bin/../lib/gcc/x86_64-w64-mingw32/8.3.0/../../../../x86_64-w64-mingw32/include"/>
				</Compiler>
				<MakeCommands>
					<Build command="C:/msys64/mingw64/bin/mingw32-make.exe -f &quot;C:/Users/Twister/Projects/cpp/cgproject/Release/GUI/Makefile&quot;  VERBOSE=1 gui_test/fast"/>
					<CompileFile command="C:/msys64/mingw64/bin/mingw32-make.exe -f &quot;C:/Users/Twister/Projects/cpp/cgproject/Release/GUI/Makefile&quot;  VERBOSE=1 &quot;$file&quot;"/>
					<Clean command="C:/msys64/mingw64/bin/mingw32-make.exe -f &quot;C:/Users/Twister/Projects/cpp/cgproject/Release/GUI/Makefile&quot;  VERBOSE=1 clean"/>
					<DistClean command="C:/msys64/mingw64/bin/mingw32-make.exe -f &quot;C:/Users/Twister/Projects/cpp/cgproject/Release/GUI/Makefile&quot;  VERBOSE=1 clean"/>
				</MakeCommands>
			</Target>
			<Target title="nanovg">
				<Option output="C:/Users/Twister/Projects/cpp/cgproject/Release/GUI/nanovg/libnanovg.a" prefix_auto="0" extension_auto="0"/>
				<Option working_dir="C:/Users/Twister/Projects/cpp/cgproject/Release/GUI/nanovg"/>
				<Option object_output="./"/>
				<Option type="2"/>
				<Option compiler="gcc"/>
				<Compiler>
					<Add option="-DSDL_MAIN_HANDLED"/>
					<Add directory="C:/Users/Twister/Projects/cpp/cgproject/GUI/nanovg/src"/>
					<Add directory="C:/msys64/mingw64/bin/../lib/gcc/x86_64-w64-mingw32/8.3.0/../../../../include/c++/8.3.0"/>
					<Add directory="C:/msys64/mingw64/bin/../lib/gcc/x86_64-w64-mingw32/8.3.0/../../../../include/c++/8.3.0/x86_64-w64-mingw32"/>
					<Add directory="C:/msys64/mingw64/bin/../lib/gcc/x86_64-w64-mingw32/8.3.0/../../../../include/c++/8.3.0/backward"/>
					<Add directory="C:/msys64/mingw64/bin/../lib/gcc/x86_64-w64-mingw32/8.3.0/include"/>
					<Add directory="C:/msys64/mingw64/bin/../lib/gcc/x86_64-w64-mingw32/8.3.0/../../../../include"/>
					<Add directory="C:/msys64/mingw64/bin/../lib/gcc/x86_64-w64-mingw32/8.3.0/include-fixed"/>
					<Add directory="C:/msys64/mingw64/bin/../lib/gcc/x86_64-w64-mingw32/8.3.0/../../../../x86_64-w64-mingw32/include"/>
				</Compiler>
				<MakeCommands>
					<Build command="C:/msys64/mingw64/bin/mingw32-make.exe -f &quot;C:/Users/Twister/Projects/cpp/cgproject/Release/GUI/nanovg/Makefile&quot;  VERBOSE=1 nanovg"/>
					<CompileFile command="C:/msys64/mingw64/bin/mingw32-make.exe -f &quot;C:/Users/Twister/Projects/cpp/cgproject/Release/GUI/nanovg/Makefile&quot;  VERBOSE=1 &quot;$file&quot;"/>
					<Clean command="C:/msys64/mingw64/bin/mingw32-make.exe -f &quot;C:/Users/Twister/Projects/cpp/cgproject/Release/GUI/nanovg/Makefile&quot;  VERBOSE=1 clean"/>
					<DistClean command="C:/msys64/mingw64/bin/mingw32-make.exe -f &quot;C:/Users/Twister/Projects/cpp/cgproject/Release/GUI/nanovg/Makefile&quot;  VERBOSE=1 clean"/>
				</MakeCommands>
			</Target>
			<Target title="nanovg/fast">
				<Option output="C:/Users/Twister/Projects/cpp/cgproject/Release/GUI/nanovg/libnanovg.a" prefix_auto="0" extension_auto="0"/>
				<Option working_dir="C:/Users/Twister/Projects/cpp/cgproject/Release/GUI/nanovg"/>
				<Option object_output="./"/>
				<Option type="2"/>
				<Option compiler="gcc"/>
				<Compiler>
					<Add option="-DSDL_MAIN_HANDLED"/>
					<Add directory="C:/Users/Twister/Projects/cpp/cgproject/GUI/nanovg/src"/>
					<Add directory="C:/msys64/mingw64/bin/../lib/gcc/x86_64-w64-mingw32/8.3.0/../../../../include/c++/8.3.0"/>
					<Add directory="C:/msys64/mingw64/bin/../lib/gcc/x86_64-w64-mingw32/8.3.0/../../../../include/c++/8.3.0/x86_64-w64-mingw32"/>
					<Add directory="C:/msys64/mingw64/bin/../lib/gcc/x86_64-w64-mingw32/8.3.0/../../../../include/c++/8.3.0/backward"/>
					<Add directory="C:/msys64/mingw64/bin/../lib/gcc/x86_64-w64-mingw32/8.3.0/include"/>
					<Add directory="C:/msys64/mingw64/bin/../lib/gcc/x86_64-w64-mingw32/8.3.0/../../../../include"/>
					<Add directory="C:/msys64/mingw64/bin/../lib/gcc/x86_64-w64-mingw32/8.3.0/include-fixed"/>
					<Add directory="C:/msys64/mingw64/bin/../lib/gcc/x86_64-w64-mingw32/8.3.0/../../../../x86_64-w64-mingw32/include"/>
				</Compiler>
				<MakeCommands>
					<Build command="C:/msys64/mingw64/bin/mingw32-make.exe -f &quot;C:/Users/Twister/Projects/cpp/cgproject/Release/GUI/nanovg/Makefile&quot;  VERBOSE=1 nanovg/fast"/>
					<CompileFile command="C:/msys64/mingw64/bin/mingw32-make.exe -f &quot;C:/Users/Twister/Projects/cpp/cgproject/Release/GUI/nanovg/Makefile&quot;  VERBOSE=1 &quot;$file&quot;"/>
					<Clean command="C:/msys64/mingw64/bin/mingw32-make.exe -f &quot;C:/Users/Twister/Projects/cpp/cgproject/Release/GUI/nanovg/Makefile&quot;  VERBOSE=1 clean"/>
					<DistClean command="C:/msys64/mingw64/bin/mingw32-make.exe -f &quot;C:/Users/Twister/Projects/cpp/cgproject/Release/GUI/nanovg/Makefile&quot;  VERBOSE=1 clean"/>
				</MakeCommands>
			</Target>
			<Target title="osdialog">
				<Option output="C:/Users/Twister/Projects/cpp/cgproject/Release/GUI/osdialog/libosdialog.a" prefix_auto="0" extension_auto="0"/>
				<Option working_dir="C:/Users/Twister/Projects/cpp/cgproject/Release/GUI/osdialog"/>
				<Option object_output="./"/>
				<Option type="2"/>
				<Option compiler="gcc"/>
				<Compiler>
					<Add option="-DSDL_MAIN_HANDLED"/>
					<Add directory="C:/msys64/mingw64/bin/../lib/gcc/x86_64-w64-mingw32/8.3.0/../../../../include/c++/8.3.0"/>
					<Add directory="C:/msys64/mingw64/bin/../lib/gcc/x86_64-w64-mingw32/8.3.0/../../../../include/c++/8.3.0/x86_64-w64-mingw32"/>
					<Add directory="C:/msys64/mingw64/bin/../lib/gcc/x86_64-w64-mingw32/8.3.0/../../../../include/c++/8.3.0/backward"/>
					<Add directory="C:/msys64/mingw64/bin/../lib/gcc/x86_64-w64-mingw32/8.3.0/include"/>
					<Add directory="C:/msys64/mingw64/bin/../lib/gcc/x86_64-w64-mingw32/8.3.0/../../../../include"/>
					<Add directory="C:/msys64/mingw64/bin/../lib/gcc/x86_64-w64-mingw32/8.3.0/include-fixed"/>
					<Add directory="C:/msys64/mingw64/bin/../lib/gcc/x86_64-w64-mingw32/8.3.0/../../../../x86_64-w64-mingw32/include"/>
				</Compiler>
				<MakeCommands>
					<Build command="C:/msys64/mingw64/bin/mingw32-make.exe -f &quot;C:/Users/Twister/Projects/cpp/cgproject/Release/GUI/osdialog/Makefile&quot;  VERBOSE=1 osdialog"/>
					<CompileFile command="C:/msys64/mingw64/bin/mingw32-make.exe -f &quot;C:/Users/Twister/Projects/cpp/cgproject/Release/GUI/osdialog/Makefile&quot;  VERBOSE=1 &quot;$file&quot;"/>
					<Clean command="C:/msys64/mingw64/bin/mingw32-make.exe -f &quot;C:/Users/Twister/Projects/cpp/cgproject/Release/GUI/osdialog/Makefile&quot;  VERBOSE=1 clean"/>
					<DistClean command="C:/msys64/mingw64/bin/mingw32-make.exe -f &quot;C:/Users/Twister/Projects/cpp/cgproject/Release/GUI/osdialog/Makefile&quot;  VERBOSE=1 clean"/>
				</MakeCommands>
			</Target>
			<Target title="osdialog/fast">
				<Option output="C:/Users/Twister/Projects/cpp/cgproject/Release/GUI/osdialog/libosdialog.a" prefix_auto="0" extension_auto="0"/>
				<Option working_dir="C:/Users/Twister/Projects/cpp/cgproject/Release/GUI/osdialog"/>
				<Option object_output="./"/>
				<Option type="2"/>
				<Option compiler="gcc"/>
				<Compiler>
					<Add option="-DSDL_MAIN_HANDLED"/>
					<Add directory="C:/msys64/mingw64/bin/../lib/gcc/x86_64-w64-mingw32/8.3.0/../../../../include/c++/8.3.0"/>
					<Add directory="C:/msys64/mingw64/bin/../lib/gcc/x86_64-w64-mingw32/8.3.0/../../../../include/c++/8.3.0/x86_64-w64-mingw32"/>
					<Add directory="C:/msys64/mingw64/bin/../lib/gcc/x86_64-w64-mingw32/8.3.0/../../../../include/c++/8.3.0/backward"/>
					<Add directory="C:/msys64/mingw64/bin/../lib/gcc/x86_64-w64-mingw32/8.3.0/include"/>
					<Add directory="C:/msys64/mingw64/bin/../lib/gcc/x86_64-w64-mingw32/8.3.0/../../../../include"/>
					<Add directory="C:/msys64/mingw64/bin/../lib/gcc/x86_64-w64-mingw32/8.3.0/include-fixed"/>
					<Add directory="C:/msys64/mingw64/bin/../lib/gcc/x86_64-w64-mingw32/8.3.0/../../../../x86_64-w64-mingw32/include"/>
				</Compiler>
				<MakeCommands>
					<Build command="C:/msys64/mingw64/bin/mingw32-make.exe -f &quot;C:/Users/Twister/Projects/cpp/cgproject/Release/GUI/osdialog/Makefile&quot;  VERBOSE=1 osdialog/fast"/>
					<CompileFile command="C:/msys64/mingw64/bin/mingw32-make.exe -f &quot;C:/Users/Twister/Projects/cpp/cgproject/Release/GUI/osdialog/Makefile&quot;  VERBOSE=1 &quot;$file&quot;"/>
					<Clean command="C:/msys64/mingw64/bin/mingw32-make.exe -f &quot;C:/Users/Twister/Projects/cpp/cgproject/Release/GUI/osdialog/Makefile&quot;  VERBOSE=1 clean"/>
					<DistClean command="C:/msys64/mingw64/bin/mingw32-make.exe -f &quot;C:/Users/Twister/Projects/cpp/cgproject/Release/GUI/osdialog/Makefile&quot;  VERBOSE=1 clean"/>
				</MakeCommands>
			</Target>
		</Build>
		<Unit filename="C:/Users/Twister/Projects/cpp/cgproject/GUI/application.cpp">
			<Option target="gui"/>
		</Unit>
		<Unit filename="C:/Users/Twister/Projects/cpp/cgproject/GUI/application.h">
			<Option target="gui"/>
		</Unit>
		<Unit filename="C:/Users/Twister/Projects/cpp/cgproject/GUI/events.cpp">
			<Option target="gui"/>
		</Unit>
		<Unit filename="C:/Users/Twister/Projects/cpp/cgproject/GUI/events.h">
			<Option target="gui"/>
		</Unit>
		<Unit filename="C:/Users/Twister/Projects/cpp/cgproject/GUI/font.h">
			<Option target="gui"/>
		</Unit>
		<Unit filename="C:/Users/Twister/Projects/cpp/cgproject/GUI/font_small.h">
			<Option target="gui"/>
		</Unit>
		<Unit filename="C:/Users/Twister/Projects/cpp/cgproject/GUI/glad/glad.c">
			<Option target="gui"/>
		</Unit>
		<Unit filename="C:/Users/Twister/Projects/cpp/cgproject/GUI/glad/glad.h">
			<Option target="gui"/>
		</Unit>
		<Unit filename="C:/Users/Twister/Projects/cpp/cgproject/GUI/glad/khrplatform.h">
			<Option target="gui"/>
		</Unit>
		<Unit filename="C:/Users/Twister/Projects/cpp/cgproject/GUI/gui.cpp">
			<Option target="gui"/>
		</Unit>
		<Unit filename="C:/Users/Twister/Projects/cpp/cgproject/GUI/gui.h">
			<Option target="gui"/>
		</Unit>
		<Unit filename="C:/Users/Twister/Projects/cpp/cgproject/GUI/image.cpp">
			<Option target="gui"/>
		</Unit>
		<Unit filename="C:/Users/Twister/Projects/cpp/cgproject/GUI/image.h">
			<Option target="gui"/>
		</Unit>
		<Unit filename="C:/Users/Twister/Projects/cpp/cgproject/GUI/layout.cpp">
			<Option target="gui"/>
		</Unit>
		<Unit filename="C:/Users/Twister/Projects/cpp/cgproject/GUI/layout.h">
			<Option target="gui"/>
		</Unit>
		<Unit filename="C:/Users/Twister/Projects/cpp/cgproject/GUI/nanovg/src/fontstash.h">
			<Option target="nanovg"/>
		</Unit>
		<Unit filename="C:/Users/Twister/Projects/cpp/cgproject/GUI/nanovg/src/nanovg.c">
			<Option target="nanovg"/>
		</Unit>
		<Unit filename="C:/Users/Twister/Projects/cpp/cgproject/GUI/nanovg/src/nanovg.h">
			<Option target="nanovg"/>
		</Unit>
		<Unit filename="C:/Users/Twister/Projects/cpp/cgproject/GUI/nanovg/src/nanovg_gl.h">
			<Option target="nanovg"/>
		</Unit>
		<Unit filename="C:/Users/Twister/Projects/cpp/cgproject/GUI/nanovg/src/nanovg_gl_utils.h">
			<Option target="nanovg"/>
		</Unit>
		<Unit filename="C:/Users/Twister/Projects/cpp/cgproject/GUI/nanovg/src/stb_image.h">
			<Option target="nanovg"/>
		</Unit>
		<Unit filename="C:/Users/Twister/Projects/cpp/cgproject/GUI/nanovg/src/stb_truetype.h">
			<Option target="nanovg"/>
		</Unit>
		<Unit filename="C:/Users/Twister/Projects/cpp/cgproject/GUI/osdialog/osdialog.c">
			<Option target="osdialog"/>
		</Unit>
		<Unit filename="C:/Users/Twister/Projects/cpp/cgproject/GUI/osdialog/osdialog.h">
			<Option target="osdialog"/>
		</Unit>
		<Unit filename="C:/Users/Twister/Projects/cpp/cgproject/GUI/osdialog/osdialog_win.c">
			<Option target="osdialog"/>
		</Unit>
		<Unit filename="C:/Users/Twister/Projects/cpp/cgproject/GUI/pugixml/pugiconfig.hpp">
			<Option target="gui"/>
		</Unit>
		<Unit filename="C:/Users/Twister/Projects/cpp/cgproject/GUI/pugixml/pugixml.cpp">
			<Option target="gui"/>
		</Unit>
		<Unit filename="C:/Users/Twister/Projects/cpp/cgproject/GUI/pugixml/pugixml.hpp">
			<Option target="gui"/>
		</Unit>
		<Unit filename="C:/Users/Twister/Projects/cpp/cgproject/GUI/renderer.cpp">
			<Option target="gui"/>
		</Unit>
		<Unit filename="C:/Users/Twister/Projects/cpp/cgproject/GUI/renderer.h">
			<Option target="gui"/>
		</Unit>
		<Unit filename="C:/Users/Twister/Projects/cpp/cgproject/GUI/sdl_headers.h">
			<Option target="gui"/>
		</Unit>
		<Unit filename="C:/Users/Twister/Projects/cpp/cgproject/GUI/skin.h">
			<Option target="gui"/>
		</Unit>
		<Unit filename="C:/Users/Twister/Projects/cpp/cgproject/GUI/stb.cpp">
			<Option target="gui"/>
		</Unit>
		<Unit filename="C:/Users/Twister/Projects/cpp/cgproject/GUI/stb.h">
			<Option target="gui"/>
		</Unit>
		<Unit filename="C:/Users/Twister/Projects/cpp/cgproject/GUI/test/main.cpp">
			<Option target="gui_test"/>
		</Unit>
		<Unit filename="C:/Users/Twister/Projects/cpp/cgproject/GUI/widgets/button.cpp">
			<Option target="gui"/>
		</Unit>
		<Unit filename="C:/Users/Twister/Projects/cpp/cgproject/GUI/widgets/button.h">
			<Option target="gui"/>
		</Unit>
		<Unit filename="C:/Users/Twister/Projects/cpp/cgproject/GUI/widgets/check.cpp">
			<Option target="gui"/>
		</Unit>
		<Unit filename="C:/Users/Twister/Projects/cpp/cgproject/GUI/widgets/check.h">
			<Option target="gui"/>
		</Unit>
		<Unit filename="C:/Users/Twister/Projects/cpp/cgproject/GUI/widgets/imageview.cpp">
			<Option target="gui"/>
		</Unit>
		<Unit filename="C:/Users/Twister/Projects/cpp/cgproject/GUI/widgets/imageview.h">
			<Option target="gui"/>
		</Unit>
		<Unit filename="C:/Users/Twister/Projects/cpp/cgproject/GUI/widgets/label.cpp">
			<Option target="gui"/>
		</Unit>
		<Unit filename="C:/Users/Twister/Projects/cpp/cgproject/GUI/widgets/label.h">
			<Option target="gui"/>
		</Unit>
		<Unit filename="C:/Users/Twister/Projects/cpp/cgproject/GUI/widgets/panel.cpp">
			<Option target="gui"/>
		</Unit>
		<Unit filename="C:/Users/Twister/Projects/cpp/cgproject/GUI/widgets/panel.h">
			<Option target="gui"/>
		</Unit>
		<Unit filename="C:/Users/Twister/Projects/cpp/cgproject/GUI/widgets/spinner.cpp">
			<Option target="gui"/>
		</Unit>
		<Unit filename="C:/Users/Twister/Projects/cpp/cgproject/GUI/widgets/spinner.h">
			<Option target="gui"/>
		</Unit>
		<Unit filename="C:/Users/Twister/Projects/cpp/cgproject/GUI/widgets/widget.cpp">
			<Option target="gui"/>
		</Unit>
		<Unit filename="C:/Users/Twister/Projects/cpp/cgproject/GUI/widgets/widget.h">
			<Option target="gui"/>
		</Unit>
		<Unit filename="C:/Users/Twister/Projects/cpp/cgproject/CMakeLists.txt">
			<Option virtualFolder="CMake Files\"/>
		</Unit>
		<Unit filename="C:/Users/Twister/Projects/cpp/cgproject/GUI/CMakeLists.txt">
			<Option virtualFolder="CMake Files\GUI\"/>
		</Unit>
		<Unit filename="C:/Users/Twister/Projects/cpp/cgproject/GUI/nanovg/CMakeLists.txt">
			<Option virtualFolder="CMake Files\GUI\nanovg\"/>
		</Unit>
		<Unit filename="C:/Users/Twister/Projects/cpp/cgproject/GUI/osdialog/CMakeLists.txt">
			<Option virtualFolder="CMake Files\GUI\osdialog\"/>
		</Unit>
		<Unit filename="C:/Users/Twister/Projects/cpp/cgproject/../../../../../msys64/mingw64/lib/cmake/SDL2/sdl2-config.cmake">
			<Option virtualFolder="CMake Files\..\..\..\..\..\msys64\mingw64\lib\cmake\SDL2\"/>
		</Unit>
	</Project>
</CodeBlocks_project_file>
