<?xml version="1.0" encoding="UTF-8"?>
<CodeBlocks_project_file>
	<FileVersion major="1" minor="6"/>
	<Project>
		<Option title="nanovg"/>
		<Option makefile_is_custom="1"/>
		<Option compiler="gcc"/>
		<Option virtualFolders="CMake Files\;CMake Files\GUI\;CMake Files\GUI\nanovg\;CMake Files\GUI\osdialog\;CMake Files\..\;CMake Files\..\..\;CMake Files\..\..\..\;CMake Files\..\..\..\..\;CMake Files\..\..\..\..\..\;CMake Files\..\..\..\..\..\msys64\;CMake Files\..\..\..\..\..\msys64\mingw64\;CMake Files\..\..\..\..\..\msys64\mingw64\lib\;CMake Files\..\..\..\..\..\msys64\mingw64\lib\cmake\;CMake Files\..\..\..\..\..\msys64\mingw64\lib\cmake\SDL2\;"/>
		<Build>
			<Target title="all">
				<Option working_dir="C:/Users/Twister/Projects/cpp/cgproject/Release/GUI/nanovg"/>
				<Option type="4"/>
				<MakeCommands>
					<Build command="C:/msys64/mingw64/bin/mingw32-make.exe -f &quot;C:/Users/Twister/Projects/cpp/cgproject/Release/GUI/nanovg/Makefile&quot;  VERBOSE=1 all"/>
					<CompileFile command="C:/msys64/mingw64/bin/mingw32-make.exe -f &quot;C:/Users/Twister/Projects/cpp/cgproject/Release/GUI/nanovg/Makefile&quot;  VERBOSE=1 &quot;$file&quot;"/>
					<Clean command="C:/msys64/mingw64/bin/mingw32-make.exe -f &quot;C:/Users/Twister/Projects/cpp/cgproject/Release/GUI/nanovg/Makefile&quot;  VERBOSE=1 clean"/>
					<DistClean command="C:/msys64/mingw64/bin/mingw32-make.exe -f &quot;C:/Users/Twister/Projects/cpp/cgproject/Release/GUI/nanovg/Makefile&quot;  VERBOSE=1 clean"/>
				</MakeCommands>
			</Target>
			<Target title="nanovg">
				<Option output="C:/Users/Twister/Projects/cpp/cgproject/Release/GUI/nanovg/libnanovg.a" prefix_auto="0" extension_auto="0"/>
				<Option working_dir="C:/Users/Twister/Projects/cpp/cgproject/Release/GUI/nanovg"/>
				<Option object_output="./"/>
				<Option type="2"/>
				<Option compiler="gcc"/>
				<Compiler>
					<Add option="-DSDL_MAIN_HANDLED"/>
					<Add directory="C:/Users/Twister/Projects/cpp/cgproject/GUI/nanovg/src"/>
					<Add directory="C:/msys64/mingw64/bin/../lib/gcc/x86_64-w64-mingw32/8.3.0/../../../../include/c++/8.3.0"/>
					<Add directory="C:/msys64/mingw64/bin/../lib/gcc/x86_64-w64-mingw32/8.3.0/../../../../include/c++/8.3.0/x86_64-w64-mingw32"/>
					<Add directory="C:/msys64/mingw64/bin/../lib/gcc/x86_64-w64-mingw32/8.3.0/../../../../include/c++/8.3.0/backward"/>
					<Add directory="C:/msys64/mingw64/bin/../lib/gcc/x86_64-w64-mingw32/8.3.0/include"/>
					<Add directory="C:/msys64/mingw64/bin/../lib/gcc/x86_64-w64-mingw32/8.3.0/../../../../include"/>
					<Add directory="C:/msys64/mingw64/bin/../lib/gcc/x86_64-w64-mingw32/8.3.0/include-fixed"/>
					<Add directory="C:/msys64/mingw64/bin/../lib/gcc/x86_64-w64-mingw32/8.3.0/../../../../x86_64-w64-mingw32/include"/>
				</Compiler>
				<MakeCommands>
					<Build command="C:/msys64/mingw64/bin/mingw32-make.exe -f &quot;C:/Users/Twister/Projects/cpp/cgproject/Release/GUI/nanovg/Makefile&quot;  VERBOSE=1 nanovg"/>
					<CompileFile command="C:/msys64/mingw64/bin/mingw32-make.exe -f &quot;C:/Users/Twister/Projects/cpp/cgproject/Release/GUI/nanovg/Makefile&quot;  VERBOSE=1 &quot;$file&quot;"/>
					<Clean command="C:/msys64/mingw64/bin/mingw32-make.exe -f &quot;C:/Users/Twister/Projects/cpp/cgproject/Release/GUI/nanovg/Makefile&quot;  VERBOSE=1 clean"/>
					<DistClean command="C:/msys64/mingw64/bin/mingw32-make.exe -f &quot;C:/Users/Twister/Projects/cpp/cgproject/Release/GUI/nanovg/Makefile&quot;  VERBOSE=1 clean"/>
				</MakeCommands>
			</Target>
			<Target title="nanovg/fast">
				<Option output="C:/Users/Twister/Projects/cpp/cgproject/Release/GUI/nanovg/libnanovg.a" prefix_auto="0" extension_auto="0"/>
				<Option working_dir="C:/Users/Twister/Projects/cpp/cgproject/Release/GUI/nanovg"/>
				<Option object_output="./"/>
				<Option type="2"/>
				<Option compiler="gcc"/>
				<Compiler>
					<Add option="-DSDL_MAIN_HANDLED"/>
					<Add directory="C:/Users/Twister/Projects/cpp/cgproject/GUI/nanovg/src"/>
					<Add directory="C:/msys64/mingw64/bin/../lib/gcc/x86_64-w64-mingw32/8.3.0/../../../../include/c++/8.3.0"/>
					<Add directory="C:/msys64/mingw64/bin/../lib/gcc/x86_64-w64-mingw32/8.3.0/../../../../include/c++/8.3.0/x86_64-w64-mingw32"/>
					<Add directory="C:/msys64/mingw64/bin/../lib/gcc/x86_64-w64-mingw32/8.3.0/../../../../include/c++/8.3.0/backward"/>
					<Add directory="C:/msys64/mingw64/bin/../lib/gcc/x86_64-w64-mingw32/8.3.0/include"/>
					<Add directory="C:/msys64/mingw64/bin/../lib/gcc/x86_64-w64-mingw32/8.3.0/../../../../include"/>
					<Add directory="C:/msys64/mingw64/bin/../lib/gcc/x86_64-w64-mingw32/8.3.0/include-fixed"/>
					<Add directory="C:/msys64/mingw64/bin/../lib/gcc/x86_64-w64-mingw32/8.3.0/../../../../x86_64-w64-mingw32/include"/>
				</Compiler>
				<MakeCommands>
					<Build command="C:/msys64/mingw64/bin/mingw32-make.exe -f &quot;C:/Users/Twister/Projects/cpp/cgproject/Release/GUI/nanovg/Makefile&quot;  VERBOSE=1 nanovg/fast"/>
					<CompileFile command="C:/msys64/mingw64/bin/mingw32-make.exe -f &quot;C:/Users/Twister/Projects/cpp/cgproject/Release/GUI/nanovg/Makefile&quot;  VERBOSE=1 &quot;$file&quot;"/>
					<Clean command="C:/msys64/mingw64/bin/mingw32-make.exe -f &quot;C:/Users/Twister/Projects/cpp/cgproject/Release/GUI/nanovg/Makefile&quot;  VERBOSE=1 clean"/>
					<DistClean command="C:/msys64/mingw64/bin/mingw32-make.exe -f &quot;C:/Users/Twister/Projects/cpp/cgproject/Release/GUI/nanovg/Makefile&quot;  VERBOSE=1 clean"/>
				</MakeCommands>
			</Target>
		</Build>
		<Unit filename="C:/Users/Twister/Projects/cpp/cgproject/GUI/nanovg/src/fontstash.h">
			<Option target="nanovg"/>
		</Unit>
		<Unit filename="C:/Users/Twister/Projects/cpp/cgproject/GUI/nanovg/src/nanovg.c">
			<Option target="nanovg"/>
		</Unit>
		<Unit filename="C:/Users/Twister/Projects/cpp/cgproject/GUI/nanovg/src/nanovg.h">
			<Option target="nanovg"/>
		</Unit>
		<Unit filename="C:/Users/Twister/Projects/cpp/cgproject/GUI/nanovg/src/nanovg_gl.h">
			<Option target="nanovg"/>
		</Unit>
		<Unit filename="C:/Users/Twister/Projects/cpp/cgproject/GUI/nanovg/src/nanovg_gl_utils.h">
			<Option target="nanovg"/>
		</Unit>
		<Unit filename="C:/Users/Twister/Projects/cpp/cgproject/GUI/nanovg/src/stb_image.h">
			<Option target="nanovg"/>
		</Unit>
		<Unit filename="C:/Users/Twister/Projects/cpp/cgproject/GUI/nanovg/src/stb_truetype.h">
			<Option target="nanovg"/>
		</Unit>
		<Unit filename="C:/Users/Twister/Projects/cpp/cgproject/CMakeLists.txt">
			<Option virtualFolder="CMake Files\"/>
		</Unit>
		<Unit filename="C:/Users/Twister/Projects/cpp/cgproject/GUI/CMakeLists.txt">
			<Option virtualFolder="CMake Files\GUI\"/>
		</Unit>
		<Unit filename="C:/Users/Twister/Projects/cpp/cgproject/GUI/nanovg/CMakeLists.txt">
			<Option virtualFolder="CMake Files\GUI\nanovg\"/>
		</Unit>
		<Unit filename="C:/Users/Twister/Projects/cpp/cgproject/GUI/osdialog/CMakeLists.txt">
			<Option virtualFolder="CMake Files\GUI\osdialog\"/>
		</Unit>
		<Unit filename="C:/Users/Twister/Projects/cpp/cgproject/../../../../../msys64/mingw64/lib/cmake/SDL2/sdl2-config.cmake">
			<Option virtualFolder="CMake Files\..\..\..\..\..\msys64\mingw64\lib\cmake\SDL2\"/>
		</Unit>
	</Project>
</CodeBlocks_project_file>
